<Solution>
  <Folder Name="/src/">
    <Project Path="src/BomberosAPI.API/BomberosAPI.API.csproj" />
    <Project Path="src/BomberosAPI.Application/BomberosAPI.Application.csproj" />
    <Project Path="src/BomberosAPI.Domain/BomberosAPI.Domain.csproj" />
    <Project Path="src/BomberosAPI.Infrastructure/BomberosAPI.Infrastructure.csproj" />
  </Folder>
</Solution>
